// !$*UTF8*$!
{
	archiveVersion = 1;
	classes = {
	};
	objectVersion = 50;
	objects = {

/* Begin PBXBuildFile section */
		9008A1712564EC2A0054C276 /* AppDelegate.swift in Sources */ = {isa = PBXBuildFile; fileRef = 9008A1702564EC2A0054C276 /* AppDelegate.swift */; };
		9008A1732564EC2A0054C276 /* SceneDelegate.swift in Sources */ = {isa = PBXBuildFile; fileRef = 9008A1722564EC2A0054C276 /* SceneDelegate.swift */; };
		9008A1752564EC2A0054C276 /* ViewController.swift in Sources */ = {isa = PBXBuildFile; fileRef = 9008A1742564EC2A0054C276 /* ViewController.swift */; };
		9008A1782564EC2A0054C276 /* Main.storyboard in Resources */ = {isa = PBXBuildFile; fileRef = 9008A1762564EC2A0054C276 /* Main.storyboard */; };
		9008A17A2564EC2E0054C276 /* Assets.xcassets in Resources */ = {isa = PBXBuildFile; fileRef = 9008A1792564EC2E0054C276 /* Assets.xcassets */; };
		9008A17D2564EC2E0054C276 /* LaunchScreen.storyboard in Resources */ = {isa = PBXBuildFile; fileRef = 9008A17B2564EC2E0054C276 /* LaunchScreen.storyboard */; };
		9008A1882564EC2F0054C276 /* WeatherTests.swift in Sources */ = {isa = PBXBuildFile; fileRef = 9008A1872564EC2F0054C276 /* WeatherTests.swift */; };
		9008A1932564EC2F0054C276 /* WeatherUITests.swift in Sources */ = {isa = PBXBuildFile; fileRef = 9008A1922564EC2F0054C276 /* WeatherUITests.swift */; };
		9008A1A52564ED540054C276 /* CountryListViewController.swift in Sources */ = {isa = PBXBuildFile; fileRef = 9008A1A42564ED540054C276 /* CountryListViewController.swift */; };
		9008A1A72564ED910054C276 /* WeatherData.swift in Sources */ = {isa = PBXBuildFile; fileRef = 9008A1A62564ED910054C276 /* WeatherData.swift */; };
		9008A1AA2564EDD20054C276 /* WeatherViewModel.swift in Sources */ = {isa = PBXBuildFile; fileRef = 9008A1A92564EDD20054C276 /* WeatherViewModel.swift */; };
		9008A1AC2564EDE40054C276 /* CountryListViewModel.swift in Sources */ = {isa = PBXBuildFile; fileRef = 9008A1AB2564EDE40054C276 /* CountryListViewModel.swift */; };
		9008A1AE2564EE000054C276 /* ServiceManager.swift in Sources */ = {isa = PBXBuildFile; fileRef = 9008A1AD2564EE000054C276 /* ServiceManager.swift */; };
		9008A1B12564EE290054C276 /* WeatherDataInteractor.swift in Sources */ = {isa = PBXBuildFile; fileRef = 9008A1B02564EE290054C276 /* WeatherDataInteractor.swift */; };
		9008A1B32564FAD10054C276 /* WeatherDataParser.swift in Sources */ = {isa = PBXBuildFile; fileRef = 9008A1B22564FAD10054C276 /* WeatherDataParser.swift */; };
		9008A1B5256525CA0054C276 /* CollectionCell.swift in Sources */ = {isa = PBXBuildFile; fileRef = 9008A1B4256525CA0054C276 /* CollectionCell.swift */; };
		9090E1792567088300B7B1AA /* city.json in Resources */ = {isa = PBXBuildFile; fileRef = 9090E1782567088300B7B1AA /* city.json */; };
		90A1FCB82566F16B002A27B9 /* PlaceDataInteractor.swift in Sources */ = {isa = PBXBuildFile; fileRef = 90A1FCB72566F16A002A27B9 /* PlaceDataInteractor.swift */; };
		90A1FCBA2566F231002A27B9 /* PlaceData.swift in Sources */ = {isa = PBXBuildFile; fileRef = 90A1FCB92566F231002A27B9 /* PlaceData.swift */; };
		90A1FCBD2566F687002A27B9 /* DataManager.swift in Sources */ = {isa = PBXBuildFile; fileRef = 90A1FCBC2566F687002A27B9 /* DataManager.swift */; };
		90FB340A25678107006B396E /* SectionHeader.swift in Sources */ = {isa = PBXBuildFile; fileRef = 90FB340925678107006B396E /* SectionHeader.swift */; };
		90FB340D25678528006B396E /* Float+Celcius.swift in Sources */ = {isa = PBXBuildFile; fileRef = 90FB340C25678528006B396E /* Float+Celcius.swift */; };
		90FB340F2567B6DF006B396E /* UIViewController+Alert.swift in Sources */ = {isa = PBXBuildFile; fileRef = 90FB340E2567B6DF006B396E /* UIViewController+Alert.swift */; };
		90FB341125682B66006B396E /* WeatherDataInteractorTests.swift in Sources */ = {isa = PBXBuildFile; fileRef = 90FB341025682B65006B396E /* WeatherDataInteractorTests.swift */; };
/* End PBXBuildFile section */

/* Begin PBXContainerItemProxy section */
		9008A1842564EC2E0054C276 /* PBXContainerItemProxy */ = {
			isa = PBXContainerItemProxy;
			containerPortal = 9008A1652564EC2A0054C276 /* Project object */;
			proxyType = 1;
			remoteGlobalIDString = 9008A16C2564EC2A0054C276;
			remoteInfo = Weather;
		};
		9008A18F2564EC2F0054C276 /* PBXContainerItemProxy */ = {
			isa = PBXContainerItemProxy;
			containerPortal = 9008A1652564EC2A0054C276 /* Project object */;
			proxyType = 1;
			remoteGlobalIDString = 9008A16C2564EC2A0054C276;
			remoteInfo = Weather;
		};
/* End PBXContainerItemProxy section */

/* Begin PBXFileReference section */
		9008A16D2564EC2A0054C276 /* Weather.app */ = {isa = PBXFileReference; explicitFileType = wrapper.application; includeInIndex = 0; path = Weather.app; sourceTree = BUILT_PRODUCTS_DIR; };
		9008A1702564EC2A0054C276 /* AppDelegate.swift */ = {isa = PBXFileReference; lastKnownFileType = sourcecode.swift; path = AppDelegate.swift; sourceTree = "<group>"; };
		9008A1722564EC2A0054C276 /* SceneDelegate.swift */ = {isa = PBXFileReference; lastKnownFileType = sourcecode.swift; path = SceneDelegate.swift; sourceTree = "<group>"; };
		9008A1742564EC2A0054C276 /* ViewController.swift */ = {isa = PBXFileReference; lastKnownFileType = sourcecode.swift; path = ViewController.swift; sourceTree = "<group>"; };
		9008A1772564EC2A0054C276 /* Base */ = {isa = PBXFileReference; lastKnownFileType = file.storyboard; name = Base; path = Base.lproj/Main.storyboard; sourceTree = "<group>"; };
		9008A1792564EC2E0054C276 /* Assets.xcassets */ = {isa = PBXFileReference; lastKnownFileType = folder.assetcatalog; path = Assets.xcassets; sourceTree = "<group>"; };
		9008A17C2564EC2E0054C276 /* Base */ = {isa = PBXFileReference; lastKnownFileType = file.storyboard; name = Base; path = Base.lproj/LaunchScreen.storyboard; sourceTree = "<group>"; };
		9008A17E2564EC2E0054C276 /* Info.plist */ = {isa = PBXFileReference; lastKnownFileType = text.plist.xml; path = Info.plist; sourceTree = "<group>"; };
		9008A1832564EC2E0054C276 /* WeatherTests.xctest */ = {isa = PBXFileReference; explicitFileType = wrapper.cfbundle; includeInIndex = 0; path = WeatherTests.xctest; sourceTree = BUILT_PRODUCTS_DIR; };
		9008A1872564EC2F0054C276 /* WeatherTests.swift */ = {isa = PBXFileReference; lastKnownFileType = sourcecode.swift; path = WeatherTests.swift; sourceTree = "<group>"; };
		9008A1892564EC2F0054C276 /* Info.plist */ = {isa = PBXFileReference; lastKnownFileType = text.plist.xml; path = Info.plist; sourceTree = "<group>"; };
		9008A18E2564EC2F0054C276 /* WeatherUITests.xctest */ = {isa = PBXFileReference; explicitFileType = wrapper.cfbundle; includeInIndex = 0; path = WeatherUITests.xctest; sourceTree = BUILT_PRODUCTS_DIR; };
		9008A1922564EC2F0054C276 /* WeatherUITests.swift */ = {isa = PBXFileReference; lastKnownFileType = sourcecode.swift; path = WeatherUITests.swift; sourceTree = "<group>"; };
		9008A1942564EC2F0054C276 /* Info.plist */ = {isa = PBXFileReference; lastKnownFileType = text.plist.xml; path = Info.plist; sourceTree = "<group>"; };
		9008A1A42564ED540054C276 /* CountryListViewController.swift */ = {isa = PBXFileReference; lastKnownFileType = sourcecode.swift; path = CountryListViewController.swift; sourceTree = "<group>"; };
		9008A1A62564ED910054C276 /* WeatherData.swift */ = {isa = PBXFileReference; lastKnownFileType = sourcecode.swift; path = WeatherData.swift; sourceTree = "<group>"; };
		9008A1A92564EDD20054C276 /* WeatherViewModel.swift */ = {isa = PBXFileReference; lastKnownFileType = sourcecode.swift; path = WeatherViewModel.swift; sourceTree = "<group>"; };
		9008A1AB2564EDE40054C276 /* CountryListViewModel.swift */ = {isa = PBXFileReference; lastKnownFileType = sourcecode.swift; path = CountryListViewModel.swift; sourceTree = "<group>"; };
		9008A1AD2564EE000054C276 /* ServiceManager.swift */ = {isa = PBXFileReference; lastKnownFileType = sourcecode.swift; path = ServiceManager.swift; sourceTree = "<group>"; };
		9008A1B02564EE290054C276 /* WeatherDataInteractor.swift */ = {isa = PBXFileReference; lastKnownFileType = sourcecode.swift; path = WeatherDataInteractor.swift; sourceTree = "<group>"; };
		9008A1B22564FAD10054C276 /* WeatherDataParser.swift */ = {isa = PBXFileReference; lastKnownFileType = sourcecode.swift; path = WeatherDataParser.swift; sourceTree = "<group>"; };
		9008A1B4256525CA0054C276 /* CollectionCell.swift */ = {isa = PBXFileReference; lastKnownFileType = sourcecode.swift; path = CollectionCell.swift; sourceTree = "<group>"; };
		9090E1782567088300B7B1AA /* city.json */ = {isa = PBXFileReference; fileEncoding = 4; lastKnownFileType = text.json; path = city.json; sourceTree = "<group>"; };
		90A1FCB72566F16A002A27B9 /* PlaceDataInteractor.swift */ = {isa = PBXFileReference; lastKnownFileType = sourcecode.swift; path = PlaceDataInteractor.swift; sourceTree = "<group>"; };
		90A1FCB92566F231002A27B9 /* PlaceData.swift */ = {isa = PBXFileReference; lastKnownFileType = sourcecode.swift; path = PlaceData.swift; sourceTree = "<group>"; };
		90A1FCBC2566F687002A27B9 /* DataManager.swift */ = {isa = PBXFileReference; lastKnownFileType = sourcecode.swift; path = DataManager.swift; sourceTree = "<group>"; };
		90FB340925678107006B396E /* SectionHeader.swift */ = {isa = PBXFileReference; lastKnownFileType = sourcecode.swift; path = SectionHeader.swift; sourceTree = "<group>"; };
		90FB340C25678528006B396E /* Float+Celcius.swift */ = {isa = PBXFileReference; lastKnownFileType = sourcecode.swift; path = "Float+Celcius.swift"; sourceTree = "<group>"; };
		90FB340E2567B6DF006B396E /* UIViewController+Alert.swift */ = {isa = PBXFileReference; lastKnownFileType = sourcecode.swift; path = "UIViewController+Alert.swift"; sourceTree = "<group>"; };
		90FB341025682B65006B396E /* WeatherDataInteractorTests.swift */ = {isa = PBXFileReference; lastKnownFileType = sourcecode.swift; path = WeatherDataInteractorTests.swift; sourceTree = "<group>"; };
/* End PBXFileReference section */

/* Begin PBXFrameworksBuildPhase section */
		9008A16A2564EC2A0054C276 /* Frameworks */ = {
			isa = PBXFrameworksBuildPhase;
			buildActionMask = 2147483647;
			files = (
			);
			runOnlyForDeploymentPostprocessing = 0;
		};
		9008A1802564EC2E0054C276 /* Frameworks */ = {
			isa = PBXFrameworksBuildPhase;
			buildActionMask = 2147483647;
			files = (
			);
			runOnlyForDeploymentPostprocessing = 0;
		};
		9008A18B2564EC2F0054C276 /* Frameworks */ = {
			isa = PBXFrameworksBuildPhase;
			buildActionMask = 2147483647;
			files = (
			);
			runOnlyForDeploymentPostprocessing = 0;
		};
/* End PBXFrameworksBuildPhase section */

/* Begin PBXGroup section */
		9008A1642564EC2A0054C276 = {
			isa = PBXGroup;
			children = (
				9008A16F2564EC2A0054C276 /* Weather */,
				9008A1862564EC2E0054C276 /* WeatherTests */,
				9008A1912564EC2F0054C276 /* WeatherUITests */,
				9008A16E2564EC2A0054C276 /* Products */,
			);
			sourceTree = "<group>";
		};
		9008A16E2564EC2A0054C276 /* Products */ = {
			isa = PBXGroup;
			children = (
				9008A16D2564EC2A0054C276 /* Weather.app */,
				9008A1832564EC2E0054C276 /* WeatherTests.xctest */,
				9008A18E2564EC2F0054C276 /* WeatherUITests.xctest */,
			);
			name = Products;
			sourceTree = "<group>";
		};
		9008A16F2564EC2A0054C276 /* Weather */ = {
			isa = PBXGroup;
			children = (
				90A95F3D2568444200EA7693 /* Reachability */,
				90FB340B256783B2006B396E /* Extensions */,
				90A1FCBB2566F663002A27B9 /* DataManager */,
				9008A1AF2564EE040054C276 /* Interactor */,
				9008A1A82564EDB80054C276 /* ViewModel */,
				9008A1A32564ECEA0054C276 /* Services */,
				9008A1A22564EC7C0054C276 /* Controller */,
				9008A1A12564EC750054C276 /* View */,
				9008A1A02564EC5C0054C276 /* Model */,
				9008A1702564EC2A0054C276 /* AppDelegate.swift */,
				9008A1722564EC2A0054C276 /* SceneDelegate.swift */,
				9008A1762564EC2A0054C276 /* Main.storyboard */,
				9008A1792564EC2E0054C276 /* Assets.xcassets */,
				9008A17B2564EC2E0054C276 /* LaunchScreen.storyboard */,
				9008A17E2564EC2E0054C276 /* Info.plist */,
				9090E1782567088300B7B1AA /* city.json */,
			);
			path = Weather;
			sourceTree = "<group>";
		};
		9008A1862564EC2E0054C276 /* WeatherTests */ = {
			isa = PBXGroup;
			children = (
				9008A1872564EC2F0054C276 /* WeatherTests.swift */,
				9008A1892564EC2F0054C276 /* Info.plist */,
				90FB341025682B65006B396E /* WeatherDataInteractorTests.swift */,
			);
			path = WeatherTests;
			sourceTree = "<group>";
		};
		9008A1912564EC2F0054C276 /* WeatherUITests */ = {
			isa = PBXGroup;
			children = (
				9008A1922564EC2F0054C276 /* WeatherUITests.swift */,
				9008A1942564EC2F0054C276 /* Info.plist */,
			);
			path = WeatherUITests;
			sourceTree = "<group>";
		};
		9008A1A02564EC5C0054C276 /* Model */ = {
			isa = PBXGroup;
			children = (
				9008A1A62564ED910054C276 /* WeatherData.swift */,
				90A1FCB92566F231002A27B9 /* PlaceData.swift */,
			);
			path = Model;
			sourceTree = "<group>";
		};
		9008A1A12564EC750054C276 /* View */ = {
			isa = PBXGroup;
			children = (
				9008A1B4256525CA0054C276 /* CollectionCell.swift */,
				90FB340925678107006B396E /* SectionHeader.swift */,
			);
			path = View;
			sourceTree = "<group>";
		};
		9008A1A22564EC7C0054C276 /* Controller */ = {
			isa = PBXGroup;
			children = (
				9008A1742564EC2A0054C276 /* ViewController.swift */,
				9008A1A42564ED540054C276 /* CountryListViewController.swift */,
			);
			path = Controller;
			sourceTree = "<group>";
		};
		9008A1A32564ECEA0054C276 /* Services */ = {
			isa = PBXGroup;
			children = (
				9008A1AD2564EE000054C276 /* ServiceManager.swift */,
				9008A1B22564FAD10054C276 /* WeatherDataParser.swift */,
			);
			path = Services;
			sourceTree = "<group>";
		};
		9008A1A82564EDB80054C276 /* ViewModel */ = {
			isa = PBXGroup;
			children = (
				9008A1A92564EDD20054C276 /* WeatherViewModel.swift */,
				9008A1AB2564EDE40054C276 /* CountryListViewModel.swift */,
			);
			path = ViewModel;
			sourceTree = "<group>";
		};
		9008A1AF2564EE040054C276 /* Interactor */ = {
			isa = PBXGroup;
			children = (
				9008A1B02564EE290054C276 /* WeatherDataInteractor.swift */,
				90A1FCB72566F16A002A27B9 /* PlaceDataInteractor.swift */,
			);
			path = Interactor;
			sourceTree = "<group>";
		};
		90A1FCBB2566F663002A27B9 /* DataManager */ = {
			isa = PBXGroup;
			children = (
				90A1FCBC2566F687002A27B9 /* DataManager.swift */,
			);
			path = DataManager;
			sourceTree = "<group>";
		};
		90A95F3D2568444200EA7693 /* Reachability */ = {
			isa = PBXGroup;
			children = (
			);
			path = Reachability;
			sourceTree = "<group>";
		};
		90FB340B256783B2006B396E /* Extensions */ = {
			isa = PBXGroup;
			children = (
				90FB340C25678528006B396E /* Float+Celcius.swift */,
				90FB340E2567B6DF006B396E /* UIViewController+Alert.swift */,
			);
			path = Extensions;
			sourceTree = "<group>";
		};
/* End PBXGroup section */

/* Begin PBXNativeTarget section */
		9008A16C2564EC2A0054C276 /* Weather */ = {
			isa = PBXNativeTarget;
			buildConfigurationList = 9008A1972564EC2F0054C276 /* Build configuration list for PBXNativeTarget "Weather" */;
			buildPhases = (
				9008A1692564EC2A0054C276 /* Sources */,
				9008A16A2564EC2A0054C276 /* Frameworks */,
				9008A16B2564EC2A0054C276 /* Resources */,
			);
			buildRules = (
			);
			dependencies = (
			);
			name = Weather;
			productName = Weather;
			productReference = 9008A16D2564EC2A0054C276 /* Weather.app */;
			productType = "com.apple.product-type.application";
		};
		9008A1822564EC2E0054C276 /* WeatherTests */ = {
			isa = PBXNativeTarget;
			buildConfigurationList = 9008A19A2564EC2F0054C276 /* Build configuration list for PBXNativeTarget "WeatherTests" */;
			buildPhases = (
				9008A17F2564EC2E0054C276 /* Sources */,
				9008A1802564EC2E0054C276 /* Frameworks */,
				9008A1812564EC2E0054C276 /* Resources */,
			);
			buildRules = (
			);
			dependencies = (
				9008A1852564EC2E0054C276 /* PBXTargetDependency */,
			);
			name = WeatherTests;
			productName = WeatherTests;
			productReference = 9008A1832564EC2E0054C276 /* WeatherTests.xctest */;
			productType = "com.apple.product-type.bundle.unit-test";
		};
		9008A18D2564EC2F0054C276 /* WeatherUITests */ = {
			isa = PBXNativeTarget;
			buildConfigurationList = 9008A19D2564EC2F0054C276 /* Build configuration list for PBXNativeTarget "WeatherUITests" */;
			buildPhases = (
				9008A18A2564EC2F0054C276 /* Sources */,
				9008A18B2564EC2F0054C276 /* Frameworks */,
				9008A18C2564EC2F0054C276 /* Resources */,
			);
			buildRules = (
			);
			dependencies = (
				9008A1902564EC2F0054C276 /* PBXTargetDependency */,
			);
			name = WeatherUITests;
			productName = WeatherUITests;
			productReference = 9008A18E2564EC2F0054C276 /* WeatherUITests.xctest */;
			productType = "com.apple.product-type.bundle.ui-testing";
		};
/* End PBXNativeTarget section */

/* Begin PBXProject section */
		9008A1652564EC2A0054C276 /* Project object */ = {
			isa = PBXProject;
			attributes = {
				LastSwiftUpdateCheck = 1160;
				LastUpgradeCheck = 1160;
				ORGANIZATIONNAME = atsawant.com;
				TargetAttributes = {
					9008A16C2564EC2A0054C276 = {
						CreatedOnToolsVersion = 11.6;
					};
					9008A1822564EC2E0054C276 = {
						CreatedOnToolsVersion = 11.6;
						TestTargetID = 9008A16C2564EC2A0054C276;
					};
					9008A18D2564EC2F0054C276 = {
						CreatedOnToolsVersion = 11.6;
						TestTargetID = 9008A16C2564EC2A0054C276;
					};
				};
			};
			buildConfigurationList = 9008A1682564EC2A0054C276 /* Build configuration list for PBXProject "Weather" */;
			compatibilityVersion = "Xcode 9.3";
			developmentRegion = en;
			hasScannedForEncodings = 0;
			knownRegions = (
				en,
				Base,
			);
			mainGroup = 9008A1642564EC2A0054C276;
			productRefGroup = 9008A16E2564EC2A0054C276 /* Products */;
			projectDirPath = "";
			projectRoot = "";
			targets = (
				9008A16C2564EC2A0054C276 /* Weather */,
				9008A1822564EC2E0054C276 /* WeatherTests */,
				9008A18D2564EC2F0054C276 /* WeatherUITests */,
			);
		};
/* End PBXProject section */

/* Begin PBXResourcesBuildPhase section */
		9008A16B2564EC2A0054C276 /* Resources */ = {
			isa = PBXResourcesBuildPhase;
			buildActionMask = 2147483647;
			files = (
				9008A17D2564EC2E0054C276 /* LaunchScreen.storyboard in Resources */,
				9008A17A2564EC2E0054C276 /* Assets.xcassets in Resources */,
				9090E1792567088300B7B1AA /* city.json in Resources */,
				9008A1782564EC2A0054C276 /* Main.storyboard in Resources */,
			);
			runOnlyForDeploymentPostprocessing = 0;
		};
		9008A1812564EC2E0054C276 /* Resources */ = {
			isa = PBXResourcesBuildPhase;
			buildActionMask = 2147483647;
			files = (
			);
			runOnlyForDeploymentPostprocessing = 0;
		};
		9008A18C2564EC2F0054C276 /* Resources */ = {
			isa = PBXResourcesBuildPhase;
			buildActionMask = 2147483647;
			files = (
			);
			runOnlyForDeploymentPostprocessing = 0;
		};
/* End PBXResourcesBuildPhase section */

/* Begin PBXSourcesBuildPhase section */
		9008A1692564EC2A0054C276 /* Sources */ = {
			isa = PBXSourcesBuildPhase;
			buildActionMask = 2147483647;
			files = (
				9008A1752564EC2A0054C276 /* ViewController.swift in Sources */,
				9008A1AA2564EDD20054C276 /* WeatherViewModel.swift in Sources */,
				90FB340A25678107006B396E /* SectionHeader.swift in Sources */,
				90FB340F2567B6DF006B396E /* UIViewController+Alert.swift in Sources */,
				9008A1A72564ED910054C276 /* WeatherData.swift in Sources */,
				90A1FCBD2566F687002A27B9 /* DataManager.swift in Sources */,
				90A1FCBA2566F231002A27B9 /* PlaceData.swift in Sources */,
				9008A1AE2564EE000054C276 /* ServiceManager.swift in Sources */,
				90FB340D25678528006B396E /* Float+Celcius.swift in Sources */,
				9008A1B12564EE290054C276 /* WeatherDataInteractor.swift in Sources */,
				9008A1A52564ED540054C276 /* CountryListViewController.swift in Sources */,
				9008A1712564EC2A0054C276 /* AppDelegate.swift in Sources */,
				90A1FCB82566F16B002A27B9 /* PlaceDataInteractor.swift in Sources */,
				9008A1732564EC2A0054C276 /* SceneDelegate.swift in Sources */,
				9008A1AC2564EDE40054C276 /* CountryListViewModel.swift in Sources */,
				9008A1B5256525CA0054C276 /* CollectionCell.swift in Sources */,
				9008A1B32564FAD10054C276 /* WeatherDataParser.swift in Sources */,
			);
			runOnlyForDeploymentPostprocessing = 0;
		};
		9008A17F2564EC2E0054C276 /* Sources */ = {
			isa = PBXSourcesBuildPhase;
			buildActionMask = 2147483647;
			files = (
				90FB341125682B66006B396E /* WeatherDataInteractorTests.swift in Sources */,
				9008A1882564EC2F0054C276 /* WeatherTests.swift in Sources */,
			);
			runOnlyForDeploymentPostprocessing = 0;
		};
		9008A18A2564EC2F0054C276 /* Sources */ = {
			isa = PBXSourcesBuildPhase;
			buildActionMask = 2147483647;
			files = (
				9008A1932564EC2F0054C276 /* WeatherUITests.swift in Sources */,
			);
			runOnlyForDeploymentPostprocessing = 0;
		};
/* End PBXSourcesBuildPhase section */

/* Begin PBXTargetDependency section */
		9008A1852564EC2E0054C276 /* PBXTargetDependency */ = {
			isa = PBXTargetDependency;
			target = 9008A16C2564EC2A0054C276 /* Weather */;
			targetProxy = 9008A1842564EC2E0054C276 /* PBXContainerItemProxy */;
		};
		9008A1902564EC2F0054C276 /* PBXTargetDependency */ = {
			isa = PBXTargetDependency;
			target = 9008A16C2564EC2A0054C276 /* Weather */;
			targetProxy = 9008A18F2564EC2F0054C276 /* PBXContainerItemProxy */;
		};
/* End PBXTargetDependency section */

/* Begin PBXVariantGroup section */
		9008A1762564EC2A0054C276 /* Main.storyboard */ = {
			isa = PBXVariantGroup;
			children = (
				9008A1772564EC2A0054C276 /* Base */,
			);
			name = Main.storyboard;
			sourceTree = "<group>";
		};
		9008A17B2564EC2E0054C276 /* LaunchScreen.storyboard */ = {
			isa = PBXVariantGroup;
			children = (
				9008A17C2564EC2E0054C276 /* Base */,
			);
			name = LaunchScreen.storyboard;
			sourceTree = "<group>";
		};
/* End PBXVariantGroup section */

/* Begin XCBuildConfiguration section */
		9008A1952564EC2F0054C276 /* Debug */ = {
			isa = XCBuildConfiguration;
			buildSettings = {
				ALWAYS_SEARCH_USER_PATHS = NO;
				CLANG_ANALYZER_NONNULL = YES;
				CLANG_ANALYZER_NUMBER_OBJECT_CONVERSION = YES_AGGRESSIVE;
				CLANG_CXX_LANGUAGE_STANDARD = "gnu++14";
				CLANG_CXX_LIBRARY = "libc++";
				CLANG_ENABLE_MODULES = YES;
				CLANG_ENABLE_OBJC_ARC = YES;
				CLANG_ENABLE_OBJC_WEAK = YES;
				CLANG_WARN_BLOCK_CAPTURE_AUTORELEASING = YES;
				CLANG_WARN_BOOL_CONVERSION = YES;
				CLANG_WARN_COMMA = YES;
				CLANG_WARN_CONSTANT_CONVERSION = YES;
				CLANG_WARN_DEPRECATED_OBJC_IMPLEMENTATIONS = YES;
				CLANG_WARN_DIRECT_OBJC_ISA_USAGE = YES_ERROR;
				CLANG_WARN_DOCUMENTATION_COMMENTS = YES;
				CLANG_WARN_EMPTY_BODY = YES;
				CLANG_WARN_ENUM_CONVERSION = YES;
				CLANG_WARN_INFINITE_RECURSION = YES;
				CLANG_WARN_INT_CONVERSION = YES;
				CLANG_WARN_NON_LITERAL_NULL_CONVERSION = YES;
				CLANG_WARN_OBJC_IMPLICIT_RETAIN_SELF = YES;
				CLANG_WARN_OBJC_LITERAL_CONVERSION = YES;
				CLANG_WARN_OBJC_ROOT_CLASS = YES_ERROR;
				CLANG_WARN_RANGE_LOOP_ANALYSIS = YES;
				CLANG_WARN_STRICT_PROTOTYPES = YES;
				CLANG_WARN_SUSPICIOUS_MOVE = YES;
				CLANG_WARN_UNGUARDED_AVAILABILITY = YES_AGGRESSIVE;
				CLANG_WARN_UNREACHABLE_CODE = YES;
				CLANG_WARN__DUPLICATE_METHOD_MATCH = YES;
				COPY_PHASE_STRIP = NO;
				DEBUG_INFORMATION_FORMAT = dwarf;
				ENABLE_STRICT_OBJC_MSGSEND = YES;
				ENABLE_TESTABILITY = YES;
				GCC_C_LANGUAGE_STANDARD = gnu11;
				GCC_DYNAMIC_NO_PIC = NO;
				GCC_NO_COMMON_BLOCKS = YES;
				GCC_OPTIMIZATION_LEVEL = 0;
				GCC_PREPROCESSOR_DEFINITIONS = (
					"DEBUG=1",
					"$(inherited)",
				);
				GCC_WARN_64_TO_32_BIT_CONVERSION = YES;
				GCC_WARN_ABOUT_RETURN_TYPE = YES_ERROR;
				GCC_WARN_UNDECLARED_SELECTOR = YES;
				GCC_WARN_UNINITIALIZED_AUTOS = YES_AGGRESSIVE;
				GCC_WARN_UNUSED_FUNCTION = YES;
				GCC_WARN_UNUSED_VARIABLE = YES;
				IPHONEOS_DEPLOYMENT_TARGET = 13.6;
				MTL_ENABLE_DEBUG_INFO = INCLUDE_SOURCE;
				MTL_FAST_MATH = YES;
				ONLY_ACTIVE_ARCH = YES;
				SDKROOT = iphoneos;
				SWIFT_ACTIVE_COMPILATION_CONDITIONS = DEBUG;
				SWIFT_OPTIMIZATION_LEVEL = "-Onone";
			};
			name = Debug;
		};
		9008A1962564EC2F0054C276 /* Release */ = {
			isa = XCBuildConfiguration;
			buildSettings = {
				ALWAYS_SEARCH_USER_PATHS = NO;
				CLANG_ANALYZER_NONNULL = YES;
				CLANG_ANALYZER_NUMBER_OBJECT_CONVERSION = YES_AGGRESSIVE;
				CLANG_CXX_LANGUAGE_STANDARD = "gnu++14";
				CLANG_CXX_LIBRARY = "libc++";
				CLANG_ENABLE_MODULES = YES;
				CLANG_ENABLE_OBJC_ARC = YES;
				CLANG_ENABLE_OBJC_WEAK = YES;
				CLANG_WARN_BLOCK_CAPTURE_AUTORELEASING = YES;
				CLANG_WARN_BOOL_CONVERSION = YES;
				CLANG_WARN_COMMA = YES;
				CLANG_WARN_CONSTANT_CONVERSION = YES;
				CLANG_WARN_DEPRECATED_OBJC_IMPLEMENTATIONS = YES;
				CLANG_WARN_DIRECT_OBJC_ISA_USAGE = YES_ERROR;
				CLANG_WARN_DOCUMENTATION_COMMENTS = YES;
				CLANG_WARN_EMPTY_BODY = YES;
				CLANG_WARN_ENUM_CONVERSION = YES;
				CLANG_WARN_INFINITE_RECURSION = YES;
				CLANG_WARN_INT_CONVERSION = YES;
				CLANG_WARN_NON_LITERAL_NULL_CONVERSION = YES;
				CLANG_WARN_OBJC_IMPLICIT_RETAIN_SELF = YES;
				CLANG_WARN_OBJC_LITERAL_CONVERSION = YES;
				CLANG_WARN_OBJC_ROOT_CLASS = YES_ERROR;
				CLANG_WARN_RANGE_LOOP_ANALYSIS = YES;
				CLANG_WARN_STRICT_PROTOTYPES = YES;
				CLANG_WARN_SUSPICIOUS_MOVE = YES;
				CLANG_WARN_UNGUARDED_AVAILABILITY = YES_AGGRESSIVE;
				CLANG_WARN_UNREACHABLE_CODE = YES;
				CLANG_WARN__DUPLICATE_METHOD_MATCH = YES;
				COPY_PHASE_STRIP = NO;
				DEBUG_INFORMATION_FORMAT = "dwarf-with-dsym";
				ENABLE_NS_ASSERTIONS = NO;
				ENABLE_STRICT_OBJC_MSGSEND = YES;
				GCC_C_LANGUAGE_STANDARD = gnu11;
				GCC_NO_COMMON_BLOCKS = YES;
				GCC_WARN_64_TO_32_BIT_CONVERSION = YES;
				GCC_WARN_ABOUT_RETURN_TYPE = YES_ERROR;
				GCC_WARN_UNDECLARED_SELECTOR = YES;
				GCC_WARN_UNINITIALIZED_AUTOS = YES_AGGRESSIVE;
				GCC_WARN_UNUSED_FUNCTION = YES;
				GCC_WARN_UNUSED_VARIABLE = YES;
				IPHONEOS_DEPLOYMENT_TARGET = 13.6;
				MTL_ENABLE_DEBUG_INFO = NO;
				MTL_FAST_MATH = YES;
				SDKROOT = iphoneos;
				SWIFT_COMPILATION_MODE = wholemodule;
				SWIFT_OPTIMIZATION_LEVEL = "-O";
				VALIDATE_PRODUCT = YES;
			};
			name = Release;
		};
		9008A1982564EC2F0054C276 /* Debug */ = {
			isa = XCBuildConfiguration;
			buildSettings = {
				ASSETCATALOG_COMPILER_APPICON_NAME = AppIcon;
				CODE_SIGN_STYLE = Automatic;
				DEVELOPMENT_TEAM = BP9Q8GXBFA;
				INFOPLIST_FILE = Weather/Info.plist;
				IPHONEOS_DEPLOYMENT_TARGET = 13.0;
				LD_RUNPATH_SEARCH_PATHS = (
					"$(inherited)",
					"@executable_path/Frameworks",
				);
				PRODUCT_BUNDLE_IDENTIFIER = com.atsawant.Weather;
				PRODUCT_NAME = "$(TARGET_NAME)";
				SWIFT_VERSION = 5.0;
				TARGETED_DEVICE_FAMILY = "1,2";
			};
			name = Debug;
		};
		9008A1992564EC2F0054C276 /* Release */ = {
			isa = XCBuildConfiguration;
			buildSettings = {
				ASSETCATALOG_COMPILER_APPICON_NAME = AppIcon;
				CODE_SIGN_STYLE = Automatic;
				DEVELOPMENT_TEAM = BP9Q8GXBFA;
				INFOPLIST_FILE = Weather/Info.plist;
				IPHONEOS_DEPLOYMENT_TARGET = 13.0;
				LD_RUNPATH_SEARCH_PATHS = (
					"$(inherited)",
					"@executable_path/Frameworks",
				);
				PRODUCT_BUNDLE_IDENTIFIER = com.atsawant.Weather;
				PRODUCT_NAME = "$(TARGET_NAME)";
				SWIFT_VERSION = 5.0;
				TARGETED_DEVICE_FAMILY = "1,2";
			};
			name = Release;
		};
		9008A19B2564EC2F0054C276 /* Debug */ = {
			isa = XCBuildConfiguration;
			buildSettings = {
				ALWAYS_EMBED_SWIFT_STANDARD_LIBRARIES = YES;
				BUNDLE_LOADER = "$(TEST_HOST)";
				CODE_SIGN_STYLE = Automatic;
				DEVELOPMENT_TEAM = BP9Q8GXBFA;
				INFOPLIST_FILE = WeatherTests/Info.plist;
				IPHONEOS_DEPLOYMENT_TARGET = 13.6;
				LD_RUNPATH_SEARCH_PATHS = (
					"$(inherited)",
					"@executable_path/Frameworks",
					"@loader_path/Frameworks",
				);
				PRODUCT_BUNDLE_IDENTIFIER = com.atsawant.WeatherTests;
				PRODUCT_NAME = "$(TARGET_NAME)";
				SWIFT_VERSION = 5.0;
				TARGETED_DEVICE_FAMILY = "1,2";
				TEST_HOST = "$(BUILT_PRODUCTS_DIR)/Weather.app/Weather";
			};
			name = Debug;
		};
		9008A19C2564EC2F0054C276 /* Release */ = {
			isa = XCBuildConfiguration;
			buildSettings = {
				ALWAYS_EMBED_SWIFT_STANDARD_LIBRARIES = YES;
				BUNDLE_LOADER = "$(TEST_HOST)";
				CODE_SIGN_STYLE = Automatic;
				DEVELOPMENT_TEAM = BP9Q8GXBFA;
				INFOPLIST_FILE = WeatherTests/Info.plist;
				IPHONEOS_DEPLOYMENT_TARGET = 13.6;
				LD_RUNPATH_SEARCH_PATHS = (
					"$(inherited)",
					"@executable_path/Frameworks",
					"@loader_path/Frameworks",
				);
				PRODUCT_BUNDLE_IDENTIFIER = com.atsawant.WeatherTests;
				PRODUCT_NAME = "$(TARGET_NAME)";
				SWIFT_VERSION = 5.0;
				TARGETED_DEVICE_FAMILY = "1,2";
				TEST_HOST = "$(BUILT_PRODUCTS_DIR)/Weather.app/Weather";
			};
			name = Release;
		};
		9008A19E2564EC2F0054C276 /* Debug */ = {
			isa = XCBuildConfiguration;
			buildSettings = {
				ALWAYS_EMBED_SWIFT_STANDARD_LIBRARIES = YES;
				CODE_SIGN_STYLE = Automatic;
				DEVELOPMENT_TEAM = BP9Q8GXBFA;
				INFOPLIST_FILE = WeatherUITests/Info.plist;
				LD_RUNPATH_SEARCH_PATHS = (
					"$(inherited)",
					"@executable_path/Frameworks",
					"@loader_path/Frameworks",
				);
				PRODUCT_BUNDLE_IDENTIFIER = com.atsawant.WeatherUITests;
				PRODUCT_NAME = "$(TARGET_NAME)";
				SWIFT_VERSION = 5.0;
				TARGETED_DEVICE_FAMILY = "1,2";
				TEST_TARGET_NAME = Weather;
			};
			name = Debug;
		};
		9008A19F2564EC2F0054C276 /* Release */ = {
			isa = XCBuildConfiguration;
			buildSettings = {
				ALWAYS_EMBED_SWIFT_STANDARD_LIBRARIES = YES;
				CODE_SIGN_STYLE = Automatic;
				DEVELOPMENT_TEAM = BP9Q8GXBFA;
				INFOPLIST_FILE = WeatherUITests/Info.plist;
				LD_RUNPATH_SEARCH_PATHS = (
					"$(inherited)",
					"@executable_path/Frameworks",
					"@loader_path/Frameworks",
				);
				PRODUCT_BUNDLE_IDENTIFIER = com.atsawant.WeatherUITests;
				PRODUCT_NAME = "$(TARGET_NAME)";
				SWIFT_VERSION = 5.0;
				TARGETED_DEVICE_FAMILY = "1,2";
				TEST_TARGET_NAME = Weather;
			};
			name = Release;
		};
/* End XCBuildConfiguration section */

/* Begin XCConfigurationList section */
		9008A1682564EC2A0054C276 /* Build configuration list for PBXProject "Weather" */ = {
			isa = XCConfigurationList;
			buildConfigurations = (
				9008A1952564EC2F0054C276 /* Debug */,
				9008A1962564EC2F0054C276 /* Release */,
			);
			defaultConfigurationIsVisible = 0;
			defaultConfigurationName = Release;
		};
		9008A1972564EC2F0054C276 /* Build configuration list for PBXNativeTarget "Weather" */ = {
			isa = XCConfigurationList;
			buildConfigurations = (
				9008A1982564EC2F0054C276 /* Debug */,
				9008A1992564EC2F0054C276 /* Release */,
			);
			defaultConfigurationIsVisible = 0;
			defaultConfigurationName = Release;
		};
		9008A19A2564EC2F0054C276 /* Build configuration list for PBXNativeTarget "WeatherTests" */ = {
			isa = XCConfigurationList;
			buildConfigurations = (
				9008A19B2564EC2F0054C276 /* Debug */,
				9008A19C2564EC2F0054C276 /* Release */,
			);
			defaultConfigurationIsVisible = 0;
			defaultConfigurationName = Release;
		};
		9008A19D2564EC2F0054C276 /* Build configuration list for PBXNativeTarget "WeatherUITests" */ = {
			isa = XCConfigurationList;
			buildConfigurations = (
				9008A19E2564EC2F0054C276 /* Debug */,
				9008A19F2564EC2F0054C276 /* Release */,
			);
			defaultConfigurationIsVisible = 0;
			defaultConfigurationName = Release;
		};
/* End XCConfigurationList section */
	};
	rootObject = 9008A1652564EC2A0054C276 /* Project object */;
}
